
Microsoft Visual Studio Solution File, Format Version 12.00
# Visual Studio 14
VisualStudioVersion = 14.0.24720.0
MinimumVisualStudioVersion = 10.0.40219.1
Project("{FAE04EC0-301F-11D3-BF4B-00C04F79EFBC}") = "RisLab1Client", "RisLab1\RisLab1Client.csproj", "{DDDCDF61-4E98-4C2B-8F1E-4E8DE76CC6C1}"
EndProject
Project("{FAE04EC0-301F-11D3-BF4B-00C04F79EFBC}") = "RisLab1Server", "RisLab1Server\RisLab1Server.csproj", "{72C65F6A-901E-40C4-BA36-06B52BC8AAB6}"
EndProject
Project("{FAE04EC0-301F-11D3-BF4B-00C04F79EFBC}") = "SendMediator", "SendMediator\SendMediator.csproj", "{CD0D6C44-EA7D-4259-9B3B-86AAA7A8DBF1}"
EndProject
Global
	GlobalSection(SolutionConfigurationPlatforms) = preSolution
		Debug|Any CPU = Debug|Any CPU
		Release|Any CPU = Release|Any CPU
	EndGlobalSection
	GlobalSection(ProjectConfigurationPlatforms) = postSolution
		{DDDCDF61-4E98-4C2B-8F1E-4E8DE76CC6C1}.Debug|Any CPU.ActiveCfg = Debug|Any CPU
		{DDDCDF61-4E98-4C2B-8F1E-4E8DE76CC6C1}.Debug|Any CPU.Build.0 = Debug|Any CPU
		{DDDCDF61-4E98-4C2B-8F1E-4E8DE76CC6C1}.Release|Any CPU.ActiveCfg = Release|Any CPU
		{DDDCDF61-4E98-4C2B-8F1E-4E8DE76CC6C1}.Release|Any CPU.Build.0 = Release|Any CPU
		{72C65F6A-901E-40C4-BA36-06B52BC8AAB6}.Debug|Any CPU.ActiveCfg = Debug|Any CPU
		{72C65F6A-901E-40C4-BA36-06B52BC8AAB6}.Debug|Any CPU.Build.0 = Debug|Any CPU
		{72C65F6A-901E-40C4-BA36-06B52BC8AAB6}.Release|Any CPU.ActiveCfg = Release|Any CPU
		{72C65F6A-901E-40C4-BA36-06B52BC8AAB6}.Release|Any CPU.Build.0 = Release|Any CPU
		{CD0D6C44-EA7D-4259-9B3B-86AAA7A8DBF1}.Debug|Any CPU.ActiveCfg = Debug|Any CPU
		{CD0D6C44-EA7D-4259-9B3B-86AAA7A8DBF1}.Debug|Any CPU.Build.0 = Debug|Any CPU
		{CD0D6C44-EA7D-4259-9B3B-86AAA7A8DBF1}.Release|Any CPU.ActiveCfg = Release|Any CPU
		{CD0D6C44-EA7D-4259-9B3B-86AAA7A8DBF1}.Release|Any CPU.Build.0 = Release|Any CPU
	EndGlobalSection
	GlobalSection(SolutionProperties) = preSolution
		HideSolutionNode = FALSE
	EndGlobalSection
EndGlobal
